# This file is automatically @generated by Poetry 1.5.1 and should not be changed by hand.

[[package]]
name = "future"
version = "0.18.3"
description = "Clean single-source support for Python 3 and 2"
optional = false
python-versions = ">=2.6, !=3.0.*, !=3.1.*, !=3.2.*"
files = [
    {file = "future-0.18.3.tar.gz", hash = "sha256:34a17436ed1e96697a86f9de3d15a3b0be01d8bc8de9c1dffd59fb8234ed5307"},
]

[[package]]
name = "git-python"
version = "1.0.3"
description = "combination and simplification of some useful git commands"
optional = false
python-versions = "*"
files = [
    {file = "git-python-1.0.3.zip", hash = "sha256:a7f51d07c7a0b0a15cb4dfa78601196dd20624211153d07c092b811edb6e86fb"},
    {file = "git_python-1.0.3-py2.py3-none-any.whl", hash = "sha256:8820ce93786cd11a76d44c7153708588e8056213e4c512406ea3732871aa9ad6"},
]

[package.dependencies]
gitpython = "*"

[[package]]
name = "gitdb"
version = "4.0.11"
description = "Git Object Database"
optional = false
python-versions = ">=3.7"
files = [
    {file = "gitdb-4.0.11-py3-none-any.whl", hash = "sha256:81a3407ddd2ee8df444cbacea00e2d038e40150acfa3001696fe0dcf1d3adfa4"},
    {file = "gitdb-4.0.11.tar.gz", hash = "sha256:bf5421126136d6d0af55bc1e7c1af1c397a34f5b7bd79e776cd3e89785c2b04b"},
]

[package.dependencies]
smmap = ">=3.0.1,<6"

[[package]]
name = "gitpython"
version = "3.1.40"
description = "GitPython is a Python library used to interact with Git repositories"
optional = false
python-versions = ">=3.7"
files = [
    {file = "GitPython-3.1.40-py3-none-any.whl", hash = "sha256:cf14627d5a8049ffbf49915732e5eddbe8134c3bdb9d476e6182b676fc573f8a"},
    {file = "GitPython-3.1.40.tar.gz", hash = "sha256:22b126e9ffb671fdd0c129796343a02bf67bf2994b35449ffc9321aa755e18a4"},
]

[package.dependencies]
gitdb = ">=4.0.1,<5"

[package.extras]
test = ["black", "coverage[toml]", "ddt (>=1.1.1,!=1.4.3)", "mock", "mypy", "pre-commit", "pytest", "pytest-cov", "pytest-instafail", "pytest-subtests", "pytest-sugar"]

[[package]]
name = "smmap"
version = "5.0.1"
description = "A pure Python implementation of a sliding window memory map manager"
optional = false
python-versions = ">=3.7"
files = [
    {file = "smmap-5.0.1-py3-none-any.whl", hash = "sha256:e6d8668fa5f93e706934a62d7b4db19c8d9eb8cf2adbb75ef1b675aa332b69da"},
    {file = "smmap-5.0.1.tar.gz", hash = "sha256:dceeb6c0028fdb6734471eb07c0cd2aae706ccaecab45965ee83f11c8d3b1f62"},
]

[[package]]
name = "term"
version = "2.5"
description = "An enhanced version of the tty module"
optional = false
python-versions = "!=3.0.*,!=3.1.*,!=3.2.*,!=3.3.*,>=2.7"
files = [
    {file = "term-2.5-py2.py3-none-any.whl", hash = "sha256:c775c7a6ed5ea85b0a659773756686b305e6079e9f2fa7bfcd2953d5d910f61f"},
    {file = "term-2.5.tar.gz", hash = "sha256:846fda941dbb8a7c9f246e99bf5ee731910fc4a4cc54b7e36457c133c9f6b78b"},
]

[package.extras]
docs = ["sphinx (==5.3.0)", "sphinx-rtd-theme (==1.0.0)"]
pylint = ["pylint"]

[[package]]
name = "tic-tac-toe"
version = "0.1.0"
description = "Command Line TicTacToe with win/loss/draw prediction per box, per move"
optional = false
python-versions = "*"
files = [
    {file = "tic_tac_toe-0.1.0.tar.gz", hash = "sha256:35709a5385fc28b7fc4db0a1ed12b5271230c514fbefb5c6d68eb29d1553790c"},
]

[package.dependencies]
future = "*"

[[package]]
name = "utils"
version = "1.0.1"
description = "A grab-bag of utility functions and objects"
optional = false
python-versions = ">=3.6"
files = [
    {file = "utils-1.0.1-py2.py3-none-any.whl", hash = "sha256:ff04549b95deb2fd7a82ddaea077e2f41209079e2482df231c358770b27b72a7"},
]

[metadata]
lock-version = "2.0"
python-versions = ">=3.10.0,<3.11"
content-hash = "085e1df02d41215cc84e1878b80138a071022431c34c9d82486ea0f09d87d88d"
